%{
  "decimal": {:hex, :decimal, "1.5.0", "b0433a36d0e2430e3d50291b1c65f53c37d56f83665b43d79963684865beab68", [:mix], [], "hexpm"},
  "decimal_arithmetic": {:hex, :decimal_arithmetic, "0.1.2", "26c9ddf5f06a5f9c6524dcc165f5829b80faa2bb0184747409086f21d7fd735b", [:mix], [{:decimal, "~> 1.5", [hex: :decimal, repo: "hexpm", optional: false]}], "hexpm"},
  "dialyxir": {:hex, :dialyxir, "0.5.1", "b331b091720fd93e878137add264bac4f644e1ddae07a70bf7062c7862c4b952", [:mix], [], "hexpm"},
  "earmark": {:hex, :earmark, "1.0.3", "89bdbaf2aca8bbb5c97d8b3b55c5dd0cff517ecc78d417e87f1d0982e514557b", [:mix], [], "hexpm"},
  "ex_doc": {:hex, :ex_doc, "0.14.3", "e61cec6cf9731d7d23d254266ab06ac1decbb7651c3d1568402ec535d387b6f7", [:mix], [{:earmark, "~> 1.0", [hex: :earmark, repo: "hexpm", optional: false]}], "hexpm"},
  "inch_ex": {:hex, :inch_ex, "0.5.5", "b63f57e281467bd3456461525fdbc9e158c8edbe603da6e3e4671befde796a3d", [:mix], [{:poison, "~> 1.5 or ~> 2.0 or ~> 3.0", [hex: :poison, repo: "hexpm", optional: false]}], "hexpm"},
  "poison": {:hex, :poison, "3.0.0", "625ebd64d33ae2e65201c2c14d6c85c27cc8b68f2d0dd37828fde9c6920dd131", [:mix], [], "hexpm"},
}
